# THIS IS AN AUTOGENERATED FILE. DO NOT EDIT THIS FILE DIRECTLY.
# yarn lockfile v1


"@arteysoft/asyncforloop@^1.0.0":
  version "1.0.0"
  resolved "https://registry.yarnpkg.com/@arteysoft/asyncforloop/-/asyncforloop-1.0.0.tgz#9499fc3a05f905988a73a7fde6acffbd71918738"
  integrity sha512-OOD2G72l4STjXeDhjcBmbwazSs1evzxZ7W6LSUHrVWK5kkJC4lHYseAHniTsDWpu1p1PqdbeY8mPS2vRdJxkFQ==

underscore@^1.13.1:
  version "1.13.1"
  resolved "https://registry.yarnpkg.com/underscore/-/underscore-1.13.1.tgz#0c1c6bd2df54b6b69f2314066d65b6cde6fcf9d1"
  integrity sha512-hzSoAVtJF+3ZtiFX0VgfFPHEDRm7Y/QPjGyNo4TVdnDTdft3tr8hEkD25a1jC+TjTuE7tkHGKkhwCgs9dgBB2g==
